
Microsoft Visual Studio Solution File, Format Version 12.00
# Visual Studio Version 17
VisualStudioVersion = 17.10.34916.146
MinimumVisualStudioVersion = 10.0.40219.1
Project("{FAE04EC0-301F-11D3-BF4B-00C04F79EFBC}") = "CookieClicker", "CookieClicker\CookieClicker.csproj", "{3349056B-CA30-4F74-B447-F47D60F4CEA6}"
EndProject
Global
	GlobalSection(SolutionConfigurationPlatforms) = preSolution
		Debug|Any CPU = Debug|Any CPU
		Release|Any CPU = Release|Any CPU
	EndGlobalSection
	GlobalSection(ProjectConfigurationPlatforms) = postSolution
		{3349056B-CA30-4F74-B447-F47D60F4CEA6}.Debug|Any CPU.ActiveCfg = Debug|Any CPU
		{3349056B-CA30-4F74-B447-F47D60F4CEA6}.Debug|Any CPU.Build.0 = Debug|Any CPU
		{3349056B-CA30-4F74-B447-F47D60F4CEA6}.Release|Any CPU.ActiveCfg = Release|Any CPU
		{3349056B-CA30-4F74-B447-F47D60F4CEA6}.Release|Any CPU.Build.0 = Release|Any CPU
	EndGlobalSection
	GlobalSection(SolutionProperties) = preSolution
		HideSolutionNode = FALSE
	EndGlobalSection
	GlobalSection(ExtensibilityGlobals) = postSolution
		SolutionGuid = {EEBFDA62-A029-4906-AC26-D752006E320B}
	EndGlobalSection
EndGlobal
